
Microsoft Visual Studio Solution File, Format Version 12.00
# Visual Studio Version 17
VisualStudioVersion = 17.3.32929.385
MinimumVisualStudioVersion = 10.0.40219.1
Project("{FAE04EC0-301F-11D3-BF4B-00C04F79EFBC}") = "CourseRegistration", "CourseRegistration\CourseRegistration.csproj", "{6AA46294-B60B-422A-B760-68042FAF1B5C}"
EndProject
Global
	GlobalSection(SolutionConfigurationPlatforms) = preSolution
		Debug|Any CPU = Debug|Any CPU
		Release|Any CPU = Release|Any CPU
	EndGlobalSection
	GlobalSection(ProjectConfigurationPlatforms) = postSolution
		{6AA46294-B60B-422A-B760-68042FAF1B5C}.Debug|Any CPU.ActiveCfg = Debug|Any CPU
		{6AA46294-B60B-422A-B760-68042FAF1B5C}.Debug|Any CPU.Build.0 = Debug|Any CPU
		{6AA46294-B60B-422A-B760-68042FAF1B5C}.Release|Any CPU.ActiveCfg = Release|Any CPU
		{6AA46294-B60B-422A-B760-68042FAF1B5C}.Release|Any CPU.Build.0 = Release|Any CPU
	EndGlobalSection
	GlobalSection(SolutionProperties) = preSolution
		HideSolutionNode = FALSE
	EndGlobalSection
	GlobalSection(ExtensibilityGlobals) = postSolution
		SolutionGuid = {717E16A2-9F50-4136-95EC-9C27C568DE63}
	EndGlobalSection
EndGlobal
